
Microsoft Visual Studio Solution File, Format Version 12.00
# Visual Studio Version 17
VisualStudioVersion = 17.14.36518.9
MinimumVisualStudioVersion = 10.0.40219.1
Project("{FAE04EC0-301F-11D3-BF4B-00C04F79EFBC}") = "Tyuiu.TomilovAD.Sprint5.Task0.V8", "Tyuiu.TomilovAD.Sprint5.Task0.V8\Tyuiu.TomilovAD.Sprint5.Task0.V8.csproj", "{88A7A7D0-6E1F-4164-A5DB-634244E59F85}"
EndProject
Project("{2150E333-8FDC-42A3-9474-1A3956D46DE8}") = "Task0", "Task0", "{02EA681E-C7D8-13C7-8484-4AC65E1B71E8}"
EndProject
Project("{FAE04EC0-301F-11D3-BF4B-00C04F79EFBC}") = "Tyuiu.TomilovAD.Sprint5.Task0.V8.Lib", "Tyuiu.TomilovAD.Sprint5.Task0.V8.Lib\Tyuiu.TomilovAD.Sprint5.Task0.V8.Lib.csproj", "{1C63BA6C-0EFF-4BE6-8E55-4B4B1FFA8FCA}"
EndProject
Project("{FAE04EC0-301F-11D3-BF4B-00C04F79EFBC}") = "Tyuiu.TomilovAD.Sprint5.Task0.V8.Test", "Tyuiu.TomilovAD.Sprint5.Task0.V8.Test\Tyuiu.TomilovAD.Sprint5.Task0.V8.Test.csproj", "{31FF0DF9-B8DF-463E-B196-6D79735724DD}"
EndProject
Project("{2150E333-8FDC-42A3-9474-1A3956D46DE8}") = "Task1", "Task1", "{F5CFECB9-4555-461A-BEC5-AD54DD2BA366}"
EndProject
Project("{FAE04EC0-301F-11D3-BF4B-00C04F79EFBC}") = "Tyuiu.TomilovAD.Sprint5.Task1.V4", "Tyuiu.TomilovAD.Sprint5.Task1.V4\Tyuiu.TomilovAD.Sprint5.Task1.V4.csproj", "{E97CC2AB-1A52-4E75-90B3-94D64F3D40CD}"
EndProject
Project("{FAE04EC0-301F-11D3-BF4B-00C04F79EFBC}") = "Tyuiu.TomilovAD.Sprint5.Task1.V4.Lib", "Tyuiu.TomilovAD.Sprint5.Task1.V4.Lib\Tyuiu.TomilovAD.Sprint5.Task1.V4.Lib.csproj", "{66617B17-8350-46C3-A5F4-41618C7EABF1}"
EndProject
Project("{FAE04EC0-301F-11D3-BF4B-00C04F79EFBC}") = "Tyuiu.TomilovAD.Sprint5.Task1.V4.Test", "Tyuiu.TomilovAD.Sprint5.Task1.V4.Test\Tyuiu.TomilovAD.Sprint5.Task1.V4.Test.csproj", "{F7E343C6-0B3F-4C1C-A1BC-F1ACD9689A00}"
EndProject
Project("{2150E333-8FDC-42A3-9474-1A3956D46DE8}") = "Task2", "Task2", "{0E5ED10F-05CE-4329-BB13-D95737184FD6}"
EndProject
Project("{FAE04EC0-301F-11D3-BF4B-00C04F79EFBC}") = "Tyuiu.TomilovAD.Sprint5.Task2.V15", "Tyuiu.TomilovAD.Sprint5.Task2.V15\Tyuiu.TomilovAD.Sprint5.Task2.V15.csproj", "{18EF999F-4BCD-4728-9FF9-2A51C2D5CA22}"
EndProject
Project("{FAE04EC0-301F-11D3-BF4B-00C04F79EFBC}") = "Tyuiu.TomilovAD.Sprint5.Task2.V15.Lib", "Tyuiu.TomilovAD.Sprint5.Task2.V15.Lib\Tyuiu.TomilovAD.Sprint5.Task2.V15.Lib.csproj", "{5D990E9A-D65B-4758-8D06-336034728DC4}"
EndProject
Project("{FAE04EC0-301F-11D3-BF4B-00C04F79EFBC}") = "Tyuiu.TomilovAD.Sprint5.Task2.V15.Test", "Tyuiu.TomilovAD.Sprint5.Task2.V15.Test\Tyuiu.TomilovAD.Sprint5.Task2.V15.Test.csproj", "{61782521-3683-41A7-9CF4-E289F90BABD1}"
EndProject
Project("{2150E333-8FDC-42A3-9474-1A3956D46DE8}") = "Task3", "Task3", "{ADDCE271-A2DD-465E-BB75-148606428C84}"
EndProject
Project("{FAE04EC0-301F-11D3-BF4B-00C04F79EFBC}") = "Tyuiu.TomilovAD.Sprint5.Task3.V8", "Tyuiu.TomilovAD.Sprint5.Task3.V8\Tyuiu.TomilovAD.Sprint5.Task3.V8.csproj", "{319668EC-C4F0-44E7-9F8E-AAF7096A53D5}"
EndProject
Project("{FAE04EC0-301F-11D3-BF4B-00C04F79EFBC}") = "Tyuiu.TomilovAD.Sprint5.Task3.V8.Lib", "Tyuiu.TomilovAD.Sprint5.Task3.V8.Lib\Tyuiu.TomilovAD.Sprint5.Task3.V8.Lib.csproj", "{B30B097E-1BFA-46B3-83DD-D468F28A85B9}"
EndProject
Project("{FAE04EC0-301F-11D3-BF4B-00C04F79EFBC}") = "Tyuiu.TomilovAD.Sprint5.Task3.V8.Test", "Tyuiu.TomilovAD.Sprint5.Task3.V8.Test\Tyuiu.TomilovAD.Sprint5.Task3.V8.Test.csproj", "{E1318DA7-61AB-4131-93E3-B5BBB042D003}"
EndProject
Global
	GlobalSection(SolutionConfigurationPlatforms) = preSolution
		Debug|Any CPU = Debug|Any CPU
		Release|Any CPU = Release|Any CPU
	EndGlobalSection
	GlobalSection(ProjectConfigurationPlatforms) = postSolution
		{88A7A7D0-6E1F-4164-A5DB-634244E59F85}.Debug|Any CPU.ActiveCfg = Debug|Any CPU
		{88A7A7D0-6E1F-4164-A5DB-634244E59F85}.Debug|Any CPU.Build.0 = Debug|Any CPU
		{88A7A7D0-6E1F-4164-A5DB-634244E59F85}.Release|Any CPU.ActiveCfg = Release|Any CPU
		{88A7A7D0-6E1F-4164-A5DB-634244E59F85}.Release|Any CPU.Build.0 = Release|Any CPU
		{1C63BA6C-0EFF-4BE6-8E55-4B4B1FFA8FCA}.Debug|Any CPU.ActiveCfg = Debug|Any CPU
		{1C63BA6C-0EFF-4BE6-8E55-4B4B1FFA8FCA}.Debug|Any CPU.Build.0 = Debug|Any CPU
		{1C63BA6C-0EFF-4BE6-8E55-4B4B1FFA8FCA}.Release|Any CPU.ActiveCfg = Release|Any CPU
		{1C63BA6C-0EFF-4BE6-8E55-4B4B1FFA8FCA}.Release|Any CPU.Build.0 = Release|Any CPU
		{31FF0DF9-B8DF-463E-B196-6D79735724DD}.Debug|Any CPU.ActiveCfg = Debug|Any CPU
		{31FF0DF9-B8DF-463E-B196-6D79735724DD}.Debug|Any CPU.Build.0 = Debug|Any CPU
		{31FF0DF9-B8DF-463E-B196-6D79735724DD}.Release|Any CPU.ActiveCfg = Release|Any CPU
		{31FF0DF9-B8DF-463E-B196-6D79735724DD}.Release|Any CPU.Build.0 = Release|Any CPU
		{E97CC2AB-1A52-4E75-90B3-94D64F3D40CD}.Debug|Any CPU.ActiveCfg = Debug|Any CPU
		{E97CC2AB-1A52-4E75-90B3-94D64F3D40CD}.Debug|Any CPU.Build.0 = Debug|Any CPU
		{E97CC2AB-1A52-4E75-90B3-94D64F3D40CD}.Release|Any CPU.ActiveCfg = Release|Any CPU
		{E97CC2AB-1A52-4E75-90B3-94D64F3D40CD}.Release|Any CPU.Build.0 = Release|Any CPU
		{66617B17-8350-46C3-A5F4-41618C7EABF1}.Debug|Any CPU.ActiveCfg = Debug|Any CPU
		{66617B17-8350-46C3-A5F4-41618C7EABF1}.Debug|Any CPU.Build.0 = Debug|Any CPU
		{66617B17-8350-46C3-A5F4-41618C7EABF1}.Release|Any CPU.ActiveCfg = Release|Any CPU
		{66617B17-8350-46C3-A5F4-41618C7EABF1}.Release|Any CPU.Build.0 = Release|Any CPU
		{F7E343C6-0B3F-4C1C-A1BC-F1ACD9689A00}.Debug|Any CPU.ActiveCfg = Debug|Any CPU
		{F7E343C6-0B3F-4C1C-A1BC-F1ACD9689A00}.Debug|Any CPU.Build.0 = Debug|Any CPU
		{F7E343C6-0B3F-4C1C-A1BC-F1ACD9689A00}.Release|Any CPU.ActiveCfg = Release|Any CPU
		{F7E343C6-0B3F-4C1C-A1BC-F1ACD9689A00}.Release|Any CPU.Build.0 = Release|Any CPU
		{18EF999F-4BCD-4728-9FF9-2A51C2D5CA22}.Debug|Any CPU.ActiveCfg = Debug|Any CPU
		{18EF999F-4BCD-4728-9FF9-2A51C2D5CA22}.Debug|Any CPU.Build.0 = Debug|Any CPU
		{18EF999F-4BCD-4728-9FF9-2A51C2D5CA22}.Release|Any CPU.ActiveCfg = Release|Any CPU
		{18EF999F-4BCD-4728-9FF9-2A51C2D5CA22}.Release|Any CPU.Build.0 = Release|Any CPU
		{5D990E9A-D65B-4758-8D06-336034728DC4}.Debug|Any CPU.ActiveCfg = Debug|Any CPU
		{5D990E9A-D65B-4758-8D06-336034728DC4}.Debug|Any CPU.Build.0 = Debug|Any CPU
		{5D990E9A-D65B-4758-8D06-336034728DC4}.Release|Any CPU.ActiveCfg = Release|Any CPU
		{5D990E9A-D65B-4758-8D06-336034728DC4}.Release|Any CPU.Build.0 = Release|Any CPU
		{61782521-3683-41A7-9CF4-E289F90BABD1}.Debug|Any CPU.ActiveCfg = Debug|Any CPU
		{61782521-3683-41A7-9CF4-E289F90BABD1}.Debug|Any CPU.Build.0 = Debug|Any CPU
		{61782521-3683-41A7-9CF4-E289F90BABD1}.Release|Any CPU.ActiveCfg = Release|Any CPU
		{61782521-3683-41A7-9CF4-E289F90BABD1}.Release|Any CPU.Build.0 = Release|Any CPU
		{319668EC-C4F0-44E7-9F8E-AAF7096A53D5}.Debug|Any CPU.ActiveCfg = Debug|Any CPU
		{319668EC-C4F0-44E7-9F8E-AAF7096A53D5}.Debug|Any CPU.Build.0 = Debug|Any CPU
		{319668EC-C4F0-44E7-9F8E-AAF7096A53D5}.Release|Any CPU.ActiveCfg = Release|Any CPU
		{319668EC-C4F0-44E7-9F8E-AAF7096A53D5}.Release|Any CPU.Build.0 = Release|Any CPU
		{B30B097E-1BFA-46B3-83DD-D468F28A85B9}.Debug|Any CPU.ActiveCfg = Debug|Any CPU
		{B30B097E-1BFA-46B3-83DD-D468F28A85B9}.Debug|Any CPU.Build.0 = Debug|Any CPU
		{B30B097E-1BFA-46B3-83DD-D468F28A85B9}.Release|Any CPU.ActiveCfg = Release|Any CPU
		{B30B097E-1BFA-46B3-83DD-D468F28A85B9}.Release|Any CPU.Build.0 = Release|Any CPU
		{E1318DA7-61AB-4131-93E3-B5BBB042D003}.Debug|Any CPU.ActiveCfg = Debug|Any CPU
		{E1318DA7-61AB-4131-93E3-B5BBB042D003}.Debug|Any CPU.Build.0 = Debug|Any CPU
		{E1318DA7-61AB-4131-93E3-B5BBB042D003}.Release|Any CPU.ActiveCfg = Release|Any CPU
		{E1318DA7-61AB-4131-93E3-B5BBB042D003}.Release|Any CPU.Build.0 = Release|Any CPU
	EndGlobalSection
	GlobalSection(SolutionProperties) = preSolution
		HideSolutionNode = FALSE
	EndGlobalSection
	GlobalSection(NestedProjects) = preSolution
		{88A7A7D0-6E1F-4164-A5DB-634244E59F85} = {02EA681E-C7D8-13C7-8484-4AC65E1B71E8}
		{1C63BA6C-0EFF-4BE6-8E55-4B4B1FFA8FCA} = {02EA681E-C7D8-13C7-8484-4AC65E1B71E8}
		{31FF0DF9-B8DF-463E-B196-6D79735724DD} = {02EA681E-C7D8-13C7-8484-4AC65E1B71E8}
		{E97CC2AB-1A52-4E75-90B3-94D64F3D40CD} = {F5CFECB9-4555-461A-BEC5-AD54DD2BA366}
		{66617B17-8350-46C3-A5F4-41618C7EABF1} = {F5CFECB9-4555-461A-BEC5-AD54DD2BA366}
		{F7E343C6-0B3F-4C1C-A1BC-F1ACD9689A00} = {F5CFECB9-4555-461A-BEC5-AD54DD2BA366}
		{18EF999F-4BCD-4728-9FF9-2A51C2D5CA22} = {0E5ED10F-05CE-4329-BB13-D95737184FD6}
		{5D990E9A-D65B-4758-8D06-336034728DC4} = {0E5ED10F-05CE-4329-BB13-D95737184FD6}
		{61782521-3683-41A7-9CF4-E289F90BABD1} = {0E5ED10F-05CE-4329-BB13-D95737184FD6}
		{319668EC-C4F0-44E7-9F8E-AAF7096A53D5} = {ADDCE271-A2DD-465E-BB75-148606428C84}
		{B30B097E-1BFA-46B3-83DD-D468F28A85B9} = {ADDCE271-A2DD-465E-BB75-148606428C84}
		{E1318DA7-61AB-4131-93E3-B5BBB042D003} = {ADDCE271-A2DD-465E-BB75-148606428C84}
	EndGlobalSection
	GlobalSection(ExtensibilityGlobals) = postSolution
		SolutionGuid = {FE73543E-3D69-4AE9-8050-EBEF6B43EC2A}
	EndGlobalSection
EndGlobal
